
Microsoft Visual Studio Solution File, Format Version 12.00
# Visual Studio Version 16
VisualStudioVersion = 16.0.30330.147
MinimumVisualStudioVersion = 10.0.40219.1
Project("{FAE04EC0-301F-11D3-BF4B-00C04F79EFBC}") = "SendMultipleEmails", "SendMultipleEmails\SendMultipleEmails.csproj", "{89CC7EF4-72D1-4A39-9B2B-B81B21F4D764}"
EndProject
Global
	GlobalSection(SolutionConfigurationPlatforms) = preSolution
		Debug|Any CPU = Debug|Any CPU
		Debug|x64 = Debug|x64
		Release|Any CPU = Release|Any CPU
		Release|x64 = Release|x64
	EndGlobalSection
	GlobalSection(ProjectConfigurationPlatforms) = postSolution
		{89CC7EF4-72D1-4A39-9B2B-B81B21F4D764}.Debug|Any CPU.ActiveCfg = Debug|Any CPU
		{89CC7EF4-72D1-4A39-9B2B-B81B21F4D764}.Debug|Any CPU.Build.0 = Debug|Any CPU
		{89CC7EF4-72D1-4A39-9B2B-B81B21F4D764}.Debug|x64.ActiveCfg = Debug|x64
		{89CC7EF4-72D1-4A39-9B2B-B81B21F4D764}.Debug|x64.Build.0 = Debug|x64
		{89CC7EF4-72D1-4A39-9B2B-B81B21F4D764}.Release|Any CPU.ActiveCfg = Release|Any CPU
		{89CC7EF4-72D1-4A39-9B2B-B81B21F4D764}.Release|Any CPU.Build.0 = Release|Any CPU
		{89CC7EF4-72D1-4A39-9B2B-B81B21F4D764}.Release|x64.ActiveCfg = Release|x64
		{89CC7EF4-72D1-4A39-9B2B-B81B21F4D764}.Release|x64.Build.0 = Release|x64
	EndGlobalSection
	GlobalSection(SolutionProperties) = preSolution
		HideSolutionNode = FALSE
	EndGlobalSection
	GlobalSection(ExtensibilityGlobals) = postSolution
		SolutionGuid = {685EC3EB-F255-4E0E-8150-1CA78C85406B}
	EndGlobalSection
EndGlobal
