
Microsoft Visual Studio Solution File, Format Version 12.00
# Visual Studio Version 17
VisualStudioVersion = 17.0.32112.339
MinimumVisualStudioVersion = 10.0.40219.1
Project("{9A19103F-16F7-4668-BE54-9A1E7A4F7556}") = "UZonMailService", "UZonMailService\UZonMailService.csproj", "{1933B83C-82B4-4C06-9997-5C79BD971269}"
EndProject
Project("{9A19103F-16F7-4668-BE54-9A1E7A4F7556}") = "UZonMailUtils", "UZonMailUtils\UZonMailUtils.csproj", "{E562275E-14AA-4D35-BC2A-738530661716}"
EndProject
Project("{9A19103F-16F7-4668-BE54-9A1E7A4F7556}") = "UZonMailUtilsTests", "UZonMailUtilsTests\UZonMailUtilsTests.csproj", "{91DEBF8F-3A12-4F56-90C7-645A0CE41E49}"
EndProject
Project("{9A19103F-16F7-4668-BE54-9A1E7A4F7556}") = "UZonMailDB", "UZonMailDB\UZonMailDB.csproj", "{1CB8B4FE-B917-4A32-B989-8407047FB0F7}"
EndProject
Project("{9A19103F-16F7-4668-BE54-9A1E7A4F7556}") = "UZonMailCorePlugin", "UZonMailCorePlugin\UZonMailCorePlugin.csproj", "{D3202ACE-C90E-4672-B322-0D91254994B3}"
EndProject
Project("{9A19103F-16F7-4668-BE54-9A1E7A4F7556}") = "UZonMailPro", "..\..\UZonMailPro\UZonMailPro\UZonMailPro.csproj", "{1AF32A2F-34A6-48E4-BBB1-8097386E4140}"
EndProject
Project("{FAE04EC0-301F-11D3-BF4B-00C04F79EFBC}") = "UZonMailDesktop", "UZonMailDesktop\UZonMailDesktop.csproj", "{B6EB2106-FA92-417C-A4E9-8B9B5342C355}"
EndProject
Project("{FAE04EC0-301F-11D3-BF4B-00C04F79EFBC}") = "UZonMailDBTests", "UZonMailDBTests\UZonMailDBTests.csproj", "{302E642D-76ED-4D77-A910-9271A5FAC549}"
EndProject
Global
	GlobalSection(SolutionConfigurationPlatforms) = preSolution
		Debug|Any CPU = Debug|Any CPU
		Debug|x64 = Debug|x64
		Release|Any CPU = Release|Any CPU
		Release|x64 = Release|x64
	EndGlobalSection
	GlobalSection(ProjectConfigurationPlatforms) = postSolution
		{1933B83C-82B4-4C06-9997-5C79BD971269}.Debug|Any CPU.ActiveCfg = Debug|Any CPU
		{1933B83C-82B4-4C06-9997-5C79BD971269}.Debug|Any CPU.Build.0 = Debug|Any CPU
		{1933B83C-82B4-4C06-9997-5C79BD971269}.Debug|x64.ActiveCfg = Debug|x64
		{1933B83C-82B4-4C06-9997-5C79BD971269}.Debug|x64.Build.0 = Debug|x64
		{1933B83C-82B4-4C06-9997-5C79BD971269}.Release|Any CPU.ActiveCfg = Release|Any CPU
		{1933B83C-82B4-4C06-9997-5C79BD971269}.Release|Any CPU.Build.0 = Release|Any CPU
		{1933B83C-82B4-4C06-9997-5C79BD971269}.Release|x64.ActiveCfg = Release|x64
		{1933B83C-82B4-4C06-9997-5C79BD971269}.Release|x64.Build.0 = Release|x64
		{E562275E-14AA-4D35-BC2A-738530661716}.Debug|Any CPU.ActiveCfg = Debug|Any CPU
		{E562275E-14AA-4D35-BC2A-738530661716}.Debug|Any CPU.Build.0 = Debug|Any CPU
		{E562275E-14AA-4D35-BC2A-738530661716}.Debug|x64.ActiveCfg = Debug|x64
		{E562275E-14AA-4D35-BC2A-738530661716}.Debug|x64.Build.0 = Debug|x64
		{E562275E-14AA-4D35-BC2A-738530661716}.Release|Any CPU.ActiveCfg = Release|Any CPU
		{E562275E-14AA-4D35-BC2A-738530661716}.Release|Any CPU.Build.0 = Release|Any CPU
		{E562275E-14AA-4D35-BC2A-738530661716}.Release|x64.ActiveCfg = Release|x64
		{E562275E-14AA-4D35-BC2A-738530661716}.Release|x64.Build.0 = Release|x64
		{91DEBF8F-3A12-4F56-90C7-645A0CE41E49}.Debug|Any CPU.ActiveCfg = Debug|x64
		{91DEBF8F-3A12-4F56-90C7-645A0CE41E49}.Debug|Any CPU.Build.0 = Debug|x64
		{91DEBF8F-3A12-4F56-90C7-645A0CE41E49}.Debug|x64.ActiveCfg = Debug|x64
		{91DEBF8F-3A12-4F56-90C7-645A0CE41E49}.Debug|x64.Build.0 = Debug|x64
		{91DEBF8F-3A12-4F56-90C7-645A0CE41E49}.Release|Any CPU.ActiveCfg = Release|x64
		{91DEBF8F-3A12-4F56-90C7-645A0CE41E49}.Release|Any CPU.Build.0 = Release|x64
		{91DEBF8F-3A12-4F56-90C7-645A0CE41E49}.Release|x64.ActiveCfg = Release|x64
		{91DEBF8F-3A12-4F56-90C7-645A0CE41E49}.Release|x64.Build.0 = Release|x64
		{1CB8B4FE-B917-4A32-B989-8407047FB0F7}.Debug|Any CPU.ActiveCfg = Debug|Any CPU
		{1CB8B4FE-B917-4A32-B989-8407047FB0F7}.Debug|Any CPU.Build.0 = Debug|Any CPU
		{1CB8B4FE-B917-4A32-B989-8407047FB0F7}.Debug|x64.ActiveCfg = Debug|Any CPU
		{1CB8B4FE-B917-4A32-B989-8407047FB0F7}.Debug|x64.Build.0 = Debug|Any CPU
		{1CB8B4FE-B917-4A32-B989-8407047FB0F7}.Release|Any CPU.ActiveCfg = Release|Any CPU
		{1CB8B4FE-B917-4A32-B989-8407047FB0F7}.Release|Any CPU.Build.0 = Release|Any CPU
		{1CB8B4FE-B917-4A32-B989-8407047FB0F7}.Release|x64.ActiveCfg = Release|Any CPU
		{1CB8B4FE-B917-4A32-B989-8407047FB0F7}.Release|x64.Build.0 = Release|Any CPU
		{D3202ACE-C90E-4672-B322-0D91254994B3}.Debug|Any CPU.ActiveCfg = Debug|Any CPU
		{D3202ACE-C90E-4672-B322-0D91254994B3}.Debug|Any CPU.Build.0 = Debug|Any CPU
		{D3202ACE-C90E-4672-B322-0D91254994B3}.Debug|x64.ActiveCfg = Debug|Any CPU
		{D3202ACE-C90E-4672-B322-0D91254994B3}.Debug|x64.Build.0 = Debug|Any CPU
		{D3202ACE-C90E-4672-B322-0D91254994B3}.Release|Any CPU.ActiveCfg = Release|Any CPU
		{D3202ACE-C90E-4672-B322-0D91254994B3}.Release|Any CPU.Build.0 = Release|Any CPU
		{D3202ACE-C90E-4672-B322-0D91254994B3}.Release|x64.ActiveCfg = Release|Any CPU
		{D3202ACE-C90E-4672-B322-0D91254994B3}.Release|x64.Build.0 = Release|Any CPU
		{1AF32A2F-34A6-48E4-BBB1-8097386E4140}.Debug|Any CPU.ActiveCfg = Debug|Any CPU
		{1AF32A2F-34A6-48E4-BBB1-8097386E4140}.Debug|Any CPU.Build.0 = Debug|Any CPU
		{1AF32A2F-34A6-48E4-BBB1-8097386E4140}.Debug|x64.ActiveCfg = Debug|Any CPU
		{1AF32A2F-34A6-48E4-BBB1-8097386E4140}.Debug|x64.Build.0 = Debug|Any CPU
		{1AF32A2F-34A6-48E4-BBB1-8097386E4140}.Release|Any CPU.ActiveCfg = Release|Any CPU
		{1AF32A2F-34A6-48E4-BBB1-8097386E4140}.Release|Any CPU.Build.0 = Release|Any CPU
		{1AF32A2F-34A6-48E4-BBB1-8097386E4140}.Release|x64.ActiveCfg = Release|Any CPU
		{1AF32A2F-34A6-48E4-BBB1-8097386E4140}.Release|x64.Build.0 = Release|Any CPU
		{B6EB2106-FA92-417C-A4E9-8B9B5342C355}.Debug|Any CPU.ActiveCfg = Debug|Any CPU
		{B6EB2106-FA92-417C-A4E9-8B9B5342C355}.Debug|Any CPU.Build.0 = Debug|Any CPU
		{B6EB2106-FA92-417C-A4E9-8B9B5342C355}.Debug|x64.ActiveCfg = Debug|Any CPU
		{B6EB2106-FA92-417C-A4E9-8B9B5342C355}.Debug|x64.Build.0 = Debug|Any CPU
		{B6EB2106-FA92-417C-A4E9-8B9B5342C355}.Release|Any CPU.ActiveCfg = Release|Any CPU
		{B6EB2106-FA92-417C-A4E9-8B9B5342C355}.Release|Any CPU.Build.0 = Release|Any CPU
		{B6EB2106-FA92-417C-A4E9-8B9B5342C355}.Release|x64.ActiveCfg = Release|Any CPU
		{B6EB2106-FA92-417C-A4E9-8B9B5342C355}.Release|x64.Build.0 = Release|Any CPU
		{302E642D-76ED-4D77-A910-9271A5FAC549}.Debug|Any CPU.ActiveCfg = Debug|Any CPU
		{302E642D-76ED-4D77-A910-9271A5FAC549}.Debug|Any CPU.Build.0 = Debug|Any CPU
		{302E642D-76ED-4D77-A910-9271A5FAC549}.Debug|x64.ActiveCfg = Debug|Any CPU
		{302E642D-76ED-4D77-A910-9271A5FAC549}.Debug|x64.Build.0 = Debug|Any CPU
		{302E642D-76ED-4D77-A910-9271A5FAC549}.Release|Any CPU.ActiveCfg = Release|Any CPU
		{302E642D-76ED-4D77-A910-9271A5FAC549}.Release|Any CPU.Build.0 = Release|Any CPU
		{302E642D-76ED-4D77-A910-9271A5FAC549}.Release|x64.ActiveCfg = Release|Any CPU
		{302E642D-76ED-4D77-A910-9271A5FAC549}.Release|x64.Build.0 = Release|Any CPU
	EndGlobalSection
	GlobalSection(SolutionProperties) = preSolution
		HideSolutionNode = FALSE
	EndGlobalSection
	GlobalSection(ExtensibilityGlobals) = postSolution
		SolutionGuid = {427BE566-C095-41B7-849E-FFF9EE6C5B43}
	EndGlobalSection
EndGlobal
